SITE
  remote: http://community.opscode.com/api/v1
  specs:
    apache2 (1.1.12)
    build-essential (1.1.0)
    passenger_apache2 (1.0.0)
      apache2 (>= 1.0.4)
      build-essential (>= 0.0.0)
    ruby_build (0.6.2)

GIT
  remote: https://github.com/fnichol/chef-rbenv
  ref: master
  sha: c4dbcc85e3d6dae0eb8c9dc507d5ee915b7ad480
  specs:
    rbenv (0.6.11)

DEPENDENCIES
  apache2 (>= 0)
  passenger_apache2 (>= 0)
  rbenv (>= 0)
  ruby_build (>= 0)

